
Microsoft Visual Studio Solution File, Format Version 12.00
# Visual Studio Version 17
VisualStudioVersion = 17.9.34701.34
MinimumVisualStudioVersion = 10.0.40219.1
Project("{FAE04EC0-301F-11D3-BF4B-00C04F79EFBC}") = "proyecto de lenguajes", "proyecto de lenguajes\proyecto de lenguajes.csproj", "{C7CB0AF1-621C-4492-8F44-606B5765DFCA}"
EndProject
Global
	GlobalSection(SolutionConfigurationPlatforms) = preSolution
		Debug|Any CPU = Debug|Any CPU
		Release|Any CPU = Release|Any CPU
	EndGlobalSection
	GlobalSection(ProjectConfigurationPlatforms) = postSolution
		{C7CB0AF1-621C-4492-8F44-606B5765DFCA}.Debug|Any CPU.ActiveCfg = Debug|Any CPU
		{C7CB0AF1-621C-4492-8F44-606B5765DFCA}.Debug|Any CPU.Build.0 = Debug|Any CPU
		{C7CB0AF1-621C-4492-8F44-606B5765DFCA}.Release|Any CPU.ActiveCfg = Release|Any CPU
		{C7CB0AF1-621C-4492-8F44-606B5765DFCA}.Release|Any CPU.Build.0 = Release|Any CPU
	EndGlobalSection
	GlobalSection(SolutionProperties) = preSolution
		HideSolutionNode = FALSE
	EndGlobalSection
	GlobalSection(ExtensibilityGlobals) = postSolution
		SolutionGuid = {0B008C04-ECA0-40F2-A3C7-CE6E9BCF19C3}
	EndGlobalSection
EndGlobal
